<?xml version="1.0" encoding="UTF-8" standalone="yes" ?>
<CodeBlocks_project_file>
	<FileVersion major="1" minor="6" />
	<Project>
		<Option title="TestSuite" />
		<Option pch_mode="2" />
		<Option compiler="gcc" />
		<Build>
			<Target title="Debug">
				<Option output="bin/Debug/TestSuite" prefix_auto="1" extension_auto="1" />
				<Option object_output="obj/Debug/" />
				<Option type="1" />
				<Option compiler="gcc" />
				<Compiler>
					<Add option="-g" />
					<Add directory="C:/Users/Fenik/Desktop/Home work/2 SEMESTR/BMTP/Lab/lab №8/Fihura-Andrii-KN25/lab08/prj" />
				</Compiler>
				<Linker>
					<Add library="../../prj/ModulesFihura/bin/Debug/libModulesFihura.a" />
				</Linker>
			</Target>
			<Target title="Release">
				<Option output="bin/Release/TestSuite" prefix_auto="1" extension_auto="1" />
				<Option object_output="obj/Release/" />
				<Option type="1" />
				<Option compiler="gcc" />
				<Compiler>
					<Add option="-O2" />
				</Compiler>
				<Linker>
					<Add option="-s" />
				</Linker>
			</Target>
		</Build>
		<Compiler>
			<Add option="-Wall" />
			<Add option="-fexceptions" />
		</Compiler>
		<Unit filename="../test_driver.cpp" />
		<Extensions />
	</Project>
</CodeBlocks_project_file>
